
Microsoft Visual Studio Solution File, Format Version 12.00
# Visual Studio 15
VisualStudioVersion = 15.0.28307.421
MinimumVisualStudioVersion = 10.0.40219.1
Project("{9A19103F-16F7-4668-BE54-9A1E7A4F7556}") = "Unisul.PrestaSys.Web", "Unisul.PrestaSys.Web\Unisul.PrestaSys.Web.csproj", "{A4E0264D-9787-4FC7-A8F4-B602B1B3F776}"
EndProject
Project("{9A19103F-16F7-4668-BE54-9A1E7A4F7556}") = "Unisul.PrestaSys.Repositorio", "Unisul.PrestaSys.Repositorio\Unisul.PrestaSys.Repositorio.csproj", "{94B84E60-CF16-46B2-B422-D898CC83D8AD}"
EndProject
Project("{9A19103F-16F7-4668-BE54-9A1E7A4F7556}") = "Unisul.PrestaSys.Dominio", "Unisul.PrestaSys.Dominio\Unisul.PrestaSys.Dominio.csproj", "{BA409172-C406-43CE-A470-FBD69613EBBC}"
EndProject
Project("{9A19103F-16F7-4668-BE54-9A1E7A4F7556}") = "Unisul.PrestaSys.Entidades", "Unisul.PrestaSys.Entidades\Unisul.PrestaSys.Entidades.csproj", "{037FD57E-4993-438D-ACB8-D4BE5143FBFD}"
EndProject
Project("{FAE04EC0-301F-11D3-BF4B-00C04F79EFBC}") = "Unisul.PrestaSys.Comum", "Unisul.PrestaSys.Comum\Unisul.PrestaSys.Comum.csproj", "{9C34C13B-E741-4DD7-8CB2-EC0CF9375B43}"
EndProject
Global
	GlobalSection(SolutionConfigurationPlatforms) = preSolution
		Debug|Any CPU = Debug|Any CPU
		Release|Any CPU = Release|Any CPU
	EndGlobalSection
	GlobalSection(ProjectConfigurationPlatforms) = postSolution
		{A4E0264D-9787-4FC7-A8F4-B602B1B3F776}.Debug|Any CPU.ActiveCfg = Debug|Any CPU
		{A4E0264D-9787-4FC7-A8F4-B602B1B3F776}.Debug|Any CPU.Build.0 = Debug|Any CPU
		{A4E0264D-9787-4FC7-A8F4-B602B1B3F776}.Release|Any CPU.ActiveCfg = Release|Any CPU
		{A4E0264D-9787-4FC7-A8F4-B602B1B3F776}.Release|Any CPU.Build.0 = Release|Any CPU
		{94B84E60-CF16-46B2-B422-D898CC83D8AD}.Debug|Any CPU.ActiveCfg = Debug|Any CPU
		{94B84E60-CF16-46B2-B422-D898CC83D8AD}.Debug|Any CPU.Build.0 = Debug|Any CPU
		{94B84E60-CF16-46B2-B422-D898CC83D8AD}.Release|Any CPU.ActiveCfg = Release|Any CPU
		{94B84E60-CF16-46B2-B422-D898CC83D8AD}.Release|Any CPU.Build.0 = Release|Any CPU
		{BA409172-C406-43CE-A470-FBD69613EBBC}.Debug|Any CPU.ActiveCfg = Debug|Any CPU
		{BA409172-C406-43CE-A470-FBD69613EBBC}.Debug|Any CPU.Build.0 = Debug|Any CPU
		{BA409172-C406-43CE-A470-FBD69613EBBC}.Release|Any CPU.ActiveCfg = Release|Any CPU
		{BA409172-C406-43CE-A470-FBD69613EBBC}.Release|Any CPU.Build.0 = Release|Any CPU
		{037FD57E-4993-438D-ACB8-D4BE5143FBFD}.Debug|Any CPU.ActiveCfg = Debug|Any CPU
		{037FD57E-4993-438D-ACB8-D4BE5143FBFD}.Debug|Any CPU.Build.0 = Debug|Any CPU
		{037FD57E-4993-438D-ACB8-D4BE5143FBFD}.Release|Any CPU.ActiveCfg = Release|Any CPU
		{037FD57E-4993-438D-ACB8-D4BE5143FBFD}.Release|Any CPU.Build.0 = Release|Any CPU
		{9C34C13B-E741-4DD7-8CB2-EC0CF9375B43}.Debug|Any CPU.ActiveCfg = Debug|Any CPU
		{9C34C13B-E741-4DD7-8CB2-EC0CF9375B43}.Debug|Any CPU.Build.0 = Debug|Any CPU
		{9C34C13B-E741-4DD7-8CB2-EC0CF9375B43}.Release|Any CPU.ActiveCfg = Release|Any CPU
		{9C34C13B-E741-4DD7-8CB2-EC0CF9375B43}.Release|Any CPU.Build.0 = Release|Any CPU
	EndGlobalSection
	GlobalSection(SolutionProperties) = preSolution
		HideSolutionNode = FALSE
	EndGlobalSection
	GlobalSection(ExtensibilityGlobals) = postSolution
		SolutionGuid = {85BCE3B2-4D9B-4C0C-BA93-DA41FC10B1DA}
	EndGlobalSection
EndGlobal
